
Microsoft Visual Studio Solution File, Format Version 12.00
# Visual Studio Version 17
VisualStudioVersion = 17.10.34818.151
MinimumVisualStudioVersion = 10.0.40219.1
Project("{FAE04EC0-301F-11D3-BF4B-00C04F79EFBC}") = "NetUtils.ManagedResult", "NetUtils.ManagedResult\NetUtils.ManagedResult.csproj", "{B20A5287-B2C7-42D2-9D37-098415B15F23}"
EndProject
Global
	GlobalSection(SolutionConfigurationPlatforms) = preSolution
		Debug|Any CPU = Debug|Any CPU
		Release|Any CPU = Release|Any CPU
	EndGlobalSection
	GlobalSection(ProjectConfigurationPlatforms) = postSolution
		{B20A5287-B2C7-42D2-9D37-098415B15F23}.Debug|Any CPU.ActiveCfg = Debug|Any CPU
		{B20A5287-B2C7-42D2-9D37-098415B15F23}.Debug|Any CPU.Build.0 = Debug|Any CPU
		{B20A5287-B2C7-42D2-9D37-098415B15F23}.Release|Any CPU.ActiveCfg = Release|Any CPU
		{B20A5287-B2C7-42D2-9D37-098415B15F23}.Release|Any CPU.Build.0 = Release|Any CPU
	EndGlobalSection
	GlobalSection(SolutionProperties) = preSolution
		HideSolutionNode = FALSE
	EndGlobalSection
	GlobalSection(ExtensibilityGlobals) = postSolution
		SolutionGuid = {02B2DB81-8ADE-425F-9145-C9562F59C86E}
	EndGlobalSection
EndGlobal
